
Microsoft Visual Studio Solution File, Format Version 12.00
# Visual Studio Version 17
VisualStudioVersion = 17.1.32210.238
MinimumVisualStudioVersion = 10.0.40219.1
Project("{FAE04EC0-301F-11D3-BF4B-00C04F79EFBC}") = "Lab1", "Lab1.csproj", "{FB5F9FE5-5511-4345-97AE-B326B602F6FB}"
EndProject
Global
	GlobalSection(SolutionConfigurationPlatforms) = preSolution
		Debug|Any CPU = Debug|Any CPU
		Release|Any CPU = Release|Any CPU
	EndGlobalSection
	GlobalSection(ProjectConfigurationPlatforms) = postSolution
		{FB5F9FE5-5511-4345-97AE-B326B602F6FB}.Debug|Any CPU.ActiveCfg = Debug|Any CPU
		{FB5F9FE5-5511-4345-97AE-B326B602F6FB}.Debug|Any CPU.Build.0 = Debug|Any CPU
		{FB5F9FE5-5511-4345-97AE-B326B602F6FB}.Release|Any CPU.ActiveCfg = Release|Any CPU
		{FB5F9FE5-5511-4345-97AE-B326B602F6FB}.Release|Any CPU.Build.0 = Release|Any CPU
	EndGlobalSection
	GlobalSection(SolutionProperties) = preSolution
		HideSolutionNode = FALSE
	EndGlobalSection
	GlobalSection(ExtensibilityGlobals) = postSolution
		SolutionGuid = {7F07423E-E36E-4850-90A0-2B08F0B01A39}
	EndGlobalSection
EndGlobal
