
Microsoft Visual Studio Solution File, Format Version 12.00
# Visual Studio Version 17
VisualStudioVersion = 17.1.32210.238
MinimumVisualStudioVersion = 10.0.40219.1
Project("{FAE04EC0-301F-11D3-BF4B-00C04F79EFBC}") = "Rozporszone2", "Rozporszone2.csproj", "{3D994DBC-7CE6-439E-A889-8973531F6A7A}"
EndProject
Global
	GlobalSection(SolutionConfigurationPlatforms) = preSolution
		Debug|Any CPU = Debug|Any CPU
		Release|Any CPU = Release|Any CPU
	EndGlobalSection
	GlobalSection(ProjectConfigurationPlatforms) = postSolution
		{3D994DBC-7CE6-439E-A889-8973531F6A7A}.Debug|Any CPU.ActiveCfg = Debug|Any CPU
		{3D994DBC-7CE6-439E-A889-8973531F6A7A}.Debug|Any CPU.Build.0 = Debug|Any CPU
		{3D994DBC-7CE6-439E-A889-8973531F6A7A}.Release|Any CPU.ActiveCfg = Release|Any CPU
		{3D994DBC-7CE6-439E-A889-8973531F6A7A}.Release|Any CPU.Build.0 = Release|Any CPU
	EndGlobalSection
	GlobalSection(SolutionProperties) = preSolution
		HideSolutionNode = FALSE
	EndGlobalSection
	GlobalSection(ExtensibilityGlobals) = postSolution
		SolutionGuid = {82D635B5-BBEC-41E0-97C9-982CA4B9AB58}
	EndGlobalSection
EndGlobal
