
Microsoft Visual Studio Solution File, Format Version 12.00
Project("{FAE04EC0-301F-11D3-BF4B-00C04F79EFBC}") = "Lab4", "Lab4\Lab4.csproj", "{EFC6ED8E-5616-47BE-A5F1-483A9BDB61AD}"
EndProject
Global
	GlobalSection(SolutionConfigurationPlatforms) = preSolution
		Debug|Any CPU = Debug|Any CPU
		Release|Any CPU = Release|Any CPU
	EndGlobalSection
	GlobalSection(ProjectConfigurationPlatforms) = postSolution
		{EFC6ED8E-5616-47BE-A5F1-483A9BDB61AD}.Debug|Any CPU.ActiveCfg = Debug|Any CPU
		{EFC6ED8E-5616-47BE-A5F1-483A9BDB61AD}.Debug|Any CPU.Build.0 = Debug|Any CPU
		{EFC6ED8E-5616-47BE-A5F1-483A9BDB61AD}.Release|Any CPU.ActiveCfg = Release|Any CPU
		{EFC6ED8E-5616-47BE-A5F1-483A9BDB61AD}.Release|Any CPU.Build.0 = Release|Any CPU
	EndGlobalSection
EndGlobal
